schema: '2.0'
stages:
  load_data:
    cmd: python src/load_data.py --config=params.yaml
    deps:
    - path: data_given/winequality.csv
      md5: 2daeecee174368f8a33b82c8cccae3a5
      size: 84199
    - path: src/get_data.py
      md5: e28db7d7e48ea875a3a954963abcd137
      size: 621
    - path: src/load_data.py
      md5: 56d3d679d3e7cb2d17ac71e4f6e2d435
      size: 638
    outs:
    - path: data/raw/winequality.csv
      md5: 7c92f1ee593c0fbd2ad8c67ba5c446df
      size: 91999
