schema: '2.0'
stages:
  load_data:
    cmd: python src/load_data.py --config=params.yaml
    deps:
    - path: data_given/winequality.csv
      md5: 2daeecee174368f8a33b82c8cccae3a5
      size: 84199
    - path: src/get_data.py
      md5: e28db7d7e48ea875a3a954963abcd137
      size: 621
    - path: src/load_data.py
      md5: 56d3d679d3e7cb2d17ac71e4f6e2d435
      size: 638
    outs:
    - path: data/raw/winequality.csv
      md5: 7c92f1ee593c0fbd2ad8c67ba5c446df
      size: 91999
  split_data:
    cmd: python src/split_data.py --config=params.yaml
    deps:
    - path: data/raw/winequality.csv
      md5: 7c92f1ee593c0fbd2ad8c67ba5c446df
      size: 91999
    - path: src/split_data.py
      md5: c04386d448237d8164590c03c15db8e3
      size: 1068
    outs:
    - path: data/processed/test_winequality.csv
      md5: b31a4073fa82bc444fd5683cb5cf7e76
      size: 18511
    - path: data/processed/train_winequality.csv
      md5: 0196b80fbeb701453fe0052e35635db2
      size: 73634
  train_and_evaluate:
    cmd: python src/train_and_evaluate.py --config=params.yaml
    deps:
    - path: data/processed/test_winequality.csv
      md5: b31a4073fa82bc444fd5683cb5cf7e76
      size: 18511
    - path: data/processed/train_winequality.csv
      md5: 0196b80fbeb701453fe0052e35635db2
      size: 73634
    - path: src/train_and_evaluate.py
      md5: fda6e1aeedce0fcccc1d599693d86ce4
      size: 2727
    params:
      params.yaml:
        estimators.ElasticNet.params.alpha: 0.5
        estimators.ElasticNet.params.l1_ratio: 0.5
